
Microsoft Visual Studio Solution File, Format Version 12.00
# Visual Studio 15
VisualStudioVersion = 15.0.26124.0
MinimumVisualStudioVersion = 15.0.26124.0
Project("{2150E333-8FDC-42A3-9474-1A3956D46DE8}") = "0 - Domain", "0 - Domain", "{72B5DDE9-ED5F-478E-AD10-0B858D0DEF2D}"
EndProject
Project("{FAE04EC0-301F-11D3-BF4B-00C04F79EFBC}") = "Switch.Domain", "0 - Domain\Switch.Domain\Switch.Domain.csproj", "{F71D61B9-C169-4329-AC5D-62A47785D854}"
EndProject
Project("{2150E333-8FDC-42A3-9474-1A3956D46DE8}") = "2 - Infra", "2 - Infra", "{A304C046-FFA2-4D7F-B98B-266EC1D98C1A}"
EndProject
Project("{2150E333-8FDC-42A3-9474-1A3956D46DE8}") = "2.2 - Data", "2.2 - Data", "{28261A21-B544-4F96-8F80-B7CD2AE660B2}"
EndProject
Project("{FAE04EC0-301F-11D3-BF4B-00C04F79EFBC}") = "Switch.Infra.Data", "2 - Infra\2.2 - Data\Switch.Infra.Data\Switch.Infra.Data.csproj", "{EC6EEF68-1E62-43C8-B761-048C798DDE00}"
EndProject
Project("{2150E333-8FDC-42A3-9474-1A3956D46DE8}") = "3 - Application", "3 - Application", "{E14A075C-5355-4C22-B0DC-1838F1C762CF}"
EndProject
Project("{FAE04EC0-301F-11D3-BF4B-00C04F79EFBC}") = "Switch.Application", "3 - Application\Switch.Application\Switch.Application.csproj", "{BA2ABB85-5292-4FA9-9838-DF7D774079CF}"
EndProject
Project("{2150E333-8FDC-42A3-9474-1A3956D46DE8}") = "4 - API", "4 - API", "{BD902A6D-79D8-4353-BE2F-7CFFD454590C}"
EndProject
Project("{FAE04EC0-301F-11D3-BF4B-00C04F79EFBC}") = "Switch.API", "4 - API\Switch.API\Switch.API.csproj", "{549B416D-F1FB-417F-9425-C54FE3DDCB35}"
EndProject
Project("{2150E333-8FDC-42A3-9474-1A3956D46DE8}") = "1 - Tests", "1 - Tests", "{111E03A0-6FB0-440A-8676-BE17544DC0AD}"
EndProject
Project("{FAE04EC0-301F-11D3-BF4B-00C04F79EFBC}") = "Switch.Domain.Tests", "1 - Tests\Switch.Domain.Tests\Switch.Domain.Tests.csproj", "{7027C8EE-331A-47F3-9420-8DA2636609DA}"
EndProject
Project("{2150E333-8FDC-42A3-9474-1A3956D46DE8}") = "5 - Presentation", "5 - Presentation", "{9255A991-9761-4D8C-85F3-304DAF4881E7}"
EndProject
Project("{FAE04EC0-301F-11D3-BF4B-00C04F79EFBC}") = "SwitchAPP", "5 - Presentation\SwitchAPP\SwitchAPP.csproj", "{5606081D-0BC8-4F0D-80AC-87DB17DC01EB}"
EndProject
Global
	GlobalSection(SolutionConfigurationPlatforms) = preSolution
		Debug|Any CPU = Debug|Any CPU
		Debug|x64 = Debug|x64
		Debug|x86 = Debug|x86
		Release|Any CPU = Release|Any CPU
		Release|x64 = Release|x64
		Release|x86 = Release|x86
	EndGlobalSection
	GlobalSection(SolutionProperties) = preSolution
		HideSolutionNode = FALSE
	EndGlobalSection
	GlobalSection(ProjectConfigurationPlatforms) = postSolution
		{F71D61B9-C169-4329-AC5D-62A47785D854}.Debug|Any CPU.ActiveCfg = Debug|Any CPU
		{F71D61B9-C169-4329-AC5D-62A47785D854}.Debug|Any CPU.Build.0 = Debug|Any CPU
		{F71D61B9-C169-4329-AC5D-62A47785D854}.Debug|x64.ActiveCfg = Debug|Any CPU
		{F71D61B9-C169-4329-AC5D-62A47785D854}.Debug|x64.Build.0 = Debug|Any CPU
		{F71D61B9-C169-4329-AC5D-62A47785D854}.Debug|x86.ActiveCfg = Debug|Any CPU
		{F71D61B9-C169-4329-AC5D-62A47785D854}.Debug|x86.Build.0 = Debug|Any CPU
		{F71D61B9-C169-4329-AC5D-62A47785D854}.Release|Any CPU.ActiveCfg = Release|Any CPU
		{F71D61B9-C169-4329-AC5D-62A47785D854}.Release|Any CPU.Build.0 = Release|Any CPU
		{F71D61B9-C169-4329-AC5D-62A47785D854}.Release|x64.ActiveCfg = Release|Any CPU
		{F71D61B9-C169-4329-AC5D-62A47785D854}.Release|x64.Build.0 = Release|Any CPU
		{F71D61B9-C169-4329-AC5D-62A47785D854}.Release|x86.ActiveCfg = Release|Any CPU
		{F71D61B9-C169-4329-AC5D-62A47785D854}.Release|x86.Build.0 = Release|Any CPU
		{EC6EEF68-1E62-43C8-B761-048C798DDE00}.Debug|Any CPU.ActiveCfg = Debug|Any CPU
		{EC6EEF68-1E62-43C8-B761-048C798DDE00}.Debug|Any CPU.Build.0 = Debug|Any CPU
		{EC6EEF68-1E62-43C8-B761-048C798DDE00}.Debug|x64.ActiveCfg = Debug|Any CPU
		{EC6EEF68-1E62-43C8-B761-048C798DDE00}.Debug|x64.Build.0 = Debug|Any CPU
		{EC6EEF68-1E62-43C8-B761-048C798DDE00}.Debug|x86.ActiveCfg = Debug|Any CPU
		{EC6EEF68-1E62-43C8-B761-048C798DDE00}.Debug|x86.Build.0 = Debug|Any CPU
		{EC6EEF68-1E62-43C8-B761-048C798DDE00}.Release|Any CPU.ActiveCfg = Release|Any CPU
		{EC6EEF68-1E62-43C8-B761-048C798DDE00}.Release|Any CPU.Build.0 = Release|Any CPU
		{EC6EEF68-1E62-43C8-B761-048C798DDE00}.Release|x64.ActiveCfg = Release|Any CPU
		{EC6EEF68-1E62-43C8-B761-048C798DDE00}.Release|x64.Build.0 = Release|Any CPU
		{EC6EEF68-1E62-43C8-B761-048C798DDE00}.Release|x86.ActiveCfg = Release|Any CPU
		{EC6EEF68-1E62-43C8-B761-048C798DDE00}.Release|x86.Build.0 = Release|Any CPU
		{BA2ABB85-5292-4FA9-9838-DF7D774079CF}.Debug|Any CPU.ActiveCfg = Debug|Any CPU
		{BA2ABB85-5292-4FA9-9838-DF7D774079CF}.Debug|Any CPU.Build.0 = Debug|Any CPU
		{BA2ABB85-5292-4FA9-9838-DF7D774079CF}.Debug|x64.ActiveCfg = Debug|Any CPU
		{BA2ABB85-5292-4FA9-9838-DF7D774079CF}.Debug|x64.Build.0 = Debug|Any CPU
		{BA2ABB85-5292-4FA9-9838-DF7D774079CF}.Debug|x86.ActiveCfg = Debug|Any CPU
		{BA2ABB85-5292-4FA9-9838-DF7D774079CF}.Debug|x86.Build.0 = Debug|Any CPU
		{BA2ABB85-5292-4FA9-9838-DF7D774079CF}.Release|Any CPU.ActiveCfg = Release|Any CPU
		{BA2ABB85-5292-4FA9-9838-DF7D774079CF}.Release|Any CPU.Build.0 = Release|Any CPU
		{BA2ABB85-5292-4FA9-9838-DF7D774079CF}.Release|x64.ActiveCfg = Release|Any CPU
		{BA2ABB85-5292-4FA9-9838-DF7D774079CF}.Release|x64.Build.0 = Release|Any CPU
		{BA2ABB85-5292-4FA9-9838-DF7D774079CF}.Release|x86.ActiveCfg = Release|Any CPU
		{BA2ABB85-5292-4FA9-9838-DF7D774079CF}.Release|x86.Build.0 = Release|Any CPU
		{549B416D-F1FB-417F-9425-C54FE3DDCB35}.Debug|Any CPU.ActiveCfg = Debug|Any CPU
		{549B416D-F1FB-417F-9425-C54FE3DDCB35}.Debug|Any CPU.Build.0 = Debug|Any CPU
		{549B416D-F1FB-417F-9425-C54FE3DDCB35}.Debug|x64.ActiveCfg = Debug|Any CPU
		{549B416D-F1FB-417F-9425-C54FE3DDCB35}.Debug|x64.Build.0 = Debug|Any CPU
		{549B416D-F1FB-417F-9425-C54FE3DDCB35}.Debug|x86.ActiveCfg = Debug|Any CPU
		{549B416D-F1FB-417F-9425-C54FE3DDCB35}.Debug|x86.Build.0 = Debug|Any CPU
		{549B416D-F1FB-417F-9425-C54FE3DDCB35}.Release|Any CPU.ActiveCfg = Release|Any CPU
		{549B416D-F1FB-417F-9425-C54FE3DDCB35}.Release|Any CPU.Build.0 = Release|Any CPU
		{549B416D-F1FB-417F-9425-C54FE3DDCB35}.Release|x64.ActiveCfg = Release|Any CPU
		{549B416D-F1FB-417F-9425-C54FE3DDCB35}.Release|x64.Build.0 = Release|Any CPU
		{549B416D-F1FB-417F-9425-C54FE3DDCB35}.Release|x86.ActiveCfg = Release|Any CPU
		{549B416D-F1FB-417F-9425-C54FE3DDCB35}.Release|x86.Build.0 = Release|Any CPU
		{7027C8EE-331A-47F3-9420-8DA2636609DA}.Debug|Any CPU.ActiveCfg = Debug|Any CPU
		{7027C8EE-331A-47F3-9420-8DA2636609DA}.Debug|Any CPU.Build.0 = Debug|Any CPU
		{7027C8EE-331A-47F3-9420-8DA2636609DA}.Debug|x64.ActiveCfg = Debug|Any CPU
		{7027C8EE-331A-47F3-9420-8DA2636609DA}.Debug|x64.Build.0 = Debug|Any CPU
		{7027C8EE-331A-47F3-9420-8DA2636609DA}.Debug|x86.ActiveCfg = Debug|Any CPU
		{7027C8EE-331A-47F3-9420-8DA2636609DA}.Debug|x86.Build.0 = Debug|Any CPU
		{7027C8EE-331A-47F3-9420-8DA2636609DA}.Release|Any CPU.ActiveCfg = Release|Any CPU
		{7027C8EE-331A-47F3-9420-8DA2636609DA}.Release|Any CPU.Build.0 = Release|Any CPU
		{7027C8EE-331A-47F3-9420-8DA2636609DA}.Release|x64.ActiveCfg = Release|Any CPU
		{7027C8EE-331A-47F3-9420-8DA2636609DA}.Release|x64.Build.0 = Release|Any CPU
		{7027C8EE-331A-47F3-9420-8DA2636609DA}.Release|x86.ActiveCfg = Release|Any CPU
		{7027C8EE-331A-47F3-9420-8DA2636609DA}.Release|x86.Build.0 = Release|Any CPU
		{5606081D-0BC8-4F0D-80AC-87DB17DC01EB}.Debug|Any CPU.ActiveCfg = Debug|Any CPU
		{5606081D-0BC8-4F0D-80AC-87DB17DC01EB}.Debug|Any CPU.Build.0 = Debug|Any CPU
		{5606081D-0BC8-4F0D-80AC-87DB17DC01EB}.Debug|x64.ActiveCfg = Debug|Any CPU
		{5606081D-0BC8-4F0D-80AC-87DB17DC01EB}.Debug|x64.Build.0 = Debug|Any CPU
		{5606081D-0BC8-4F0D-80AC-87DB17DC01EB}.Debug|x86.ActiveCfg = Debug|Any CPU
		{5606081D-0BC8-4F0D-80AC-87DB17DC01EB}.Debug|x86.Build.0 = Debug|Any CPU
		{5606081D-0BC8-4F0D-80AC-87DB17DC01EB}.Release|Any CPU.ActiveCfg = Release|Any CPU
		{5606081D-0BC8-4F0D-80AC-87DB17DC01EB}.Release|Any CPU.Build.0 = Release|Any CPU
		{5606081D-0BC8-4F0D-80AC-87DB17DC01EB}.Release|x64.ActiveCfg = Release|Any CPU
		{5606081D-0BC8-4F0D-80AC-87DB17DC01EB}.Release|x64.Build.0 = Release|Any CPU
		{5606081D-0BC8-4F0D-80AC-87DB17DC01EB}.Release|x86.ActiveCfg = Release|Any CPU
		{5606081D-0BC8-4F0D-80AC-87DB17DC01EB}.Release|x86.Build.0 = Release|Any CPU
	EndGlobalSection
	GlobalSection(NestedProjects) = preSolution
		{F71D61B9-C169-4329-AC5D-62A47785D854} = {72B5DDE9-ED5F-478E-AD10-0B858D0DEF2D}
		{28261A21-B544-4F96-8F80-B7CD2AE660B2} = {A304C046-FFA2-4D7F-B98B-266EC1D98C1A}
		{EC6EEF68-1E62-43C8-B761-048C798DDE00} = {28261A21-B544-4F96-8F80-B7CD2AE660B2}
		{BA2ABB85-5292-4FA9-9838-DF7D774079CF} = {E14A075C-5355-4C22-B0DC-1838F1C762CF}
		{549B416D-F1FB-417F-9425-C54FE3DDCB35} = {BD902A6D-79D8-4353-BE2F-7CFFD454590C}
		{7027C8EE-331A-47F3-9420-8DA2636609DA} = {111E03A0-6FB0-440A-8676-BE17544DC0AD}
		{5606081D-0BC8-4F0D-80AC-87DB17DC01EB} = {9255A991-9761-4D8C-85F3-304DAF4881E7}
	EndGlobalSection
EndGlobal
